github.com/imfing/hextra v0.6.0 h1:TO5k6NjkgXAXKsXLmtEPjcIVB2635HLxghubzLHFDFA=
github.com/imfing/hextra v0.6.0/go.mod h1:cEfel3lU/bSx7lTE/+uuR4GJaphyOyiwNR3PTqFTXpI=
github.com/mobilephone724/hextra v1.0.0 h1:k5/R5BLqPQp61R2gYEdFOjIKSussckxHDL4M+5NQG4c=
github.com/mobilephone724/hextra v1.0.0/go.mod h1:wyiQrSvkeOKqWePHvikas/YXGRDVkzvqQzRPQMsnoC4=
